
Microsoft Visual Studio Solution File, Format Version 12.00
# Visual Studio Version 16
VisualStudioVersion = 16.0.31129.286
MinimumVisualStudioVersion = 10.0.40219.1
Project("{8BC9CEB8-8B4A-11D0-8D11-00A0C91BC942}") = "Z-Apocalypse", "Z-Apocalypse\Z-Apocalypse.vcxproj", "{2D829874-CC04-41EC-A619-79BC3A3F7B52}"
EndProject
Global
	GlobalSection(SolutionConfigurationPlatforms) = preSolution
		Debug|x64 = Debug|x64
		Debug|x86 = Debug|x86
		Release|x64 = Release|x64
		Release|x86 = Release|x86
	EndGlobalSection
	GlobalSection(ProjectConfigurationPlatforms) = postSolution
		{2D829874-CC04-41EC-A619-79BC3A3F7B52}.Debug|x64.ActiveCfg = Debug|x64
		{2D829874-CC04-41EC-A619-79BC3A3F7B52}.Debug|x64.Build.0 = Debug|x64
		{2D829874-CC04-41EC-A619-79BC3A3F7B52}.Debug|x86.ActiveCfg = Debug|Win32
		{2D829874-CC04-41EC-A619-79BC3A3F7B52}.Debug|x86.Build.0 = Debug|Win32
		{2D829874-CC04-41EC-A619-79BC3A3F7B52}.Release|x64.ActiveCfg = Release|x64
		{2D829874-CC04-41EC-A619-79BC3A3F7B52}.Release|x64.Build.0 = Release|x64
		{2D829874-CC04-41EC-A619-79BC3A3F7B52}.Release|x86.ActiveCfg = Release|Win32
		{2D829874-CC04-41EC-A619-79BC3A3F7B52}.Release|x86.Build.0 = Release|Win32
	EndGlobalSection
	GlobalSection(SolutionProperties) = preSolution
		HideSolutionNode = FALSE
	EndGlobalSection
	GlobalSection(ExtensibilityGlobals) = postSolution
		SolutionGuid = {9205F145-EDD4-4643-8E41-A93732A46A9E}
	EndGlobalSection
EndGlobal
